
Microsoft Visual Studio Solution File, Format Version 12.00
# Visual Studio Version 17
VisualStudioVersion = 17.11.35208.52
MinimumVisualStudioVersion = 10.0.40219.1
Project("{FAE04EC0-301F-11D3-BF4B-00C04F79EFBC}") = "semsary_backend", "semsary_backend\semsary_backend.csproj", "{C83852BA-CD01-4F10-8575-F5AF6A1E1CA6}"
EndProject
Global
	GlobalSection(SolutionConfigurationPlatforms) = preSolution
		Debug|Any CPU = Debug|Any CPU
		Release|Any CPU = Release|Any CPU
	EndGlobalSection
	GlobalSection(ProjectConfigurationPlatforms) = postSolution
		{C83852BA-CD01-4F10-8575-F5AF6A1E1CA6}.Debug|Any CPU.ActiveCfg = Debug|Any CPU
		{C83852BA-CD01-4F10-8575-F5AF6A1E1CA6}.Debug|Any CPU.Build.0 = Debug|Any CPU
		{C83852BA-CD01-4F10-8575-F5AF6A1E1CA6}.Release|Any CPU.ActiveCfg = Release|Any CPU
		{C83852BA-CD01-4F10-8575-F5AF6A1E1CA6}.Release|Any CPU.Build.0 = Release|Any CPU
	EndGlobalSection
	GlobalSection(SolutionProperties) = preSolution
		HideSolutionNode = FALSE
	EndGlobalSection
	GlobalSection(ExtensibilityGlobals) = postSolution
		SolutionGuid = {BD6880CB-C1E0-4283-9DD9-AB0F438E0418}
	EndGlobalSection
EndGlobal
